// !$*UTF8*$!
{
	archiveVersion = 1;
	classes = {
	};
	objectVersion = 46;
	objects = {

/* Begin PBXBuildFile section */
		86F785CF1DA46D2F00B9176E /* AppDelegate.swift in Sources */ = {isa = PBXBuildFile; fileRef = 86F785CE1DA46D2F00B9176E /* AppDelegate.swift */; };
		86F785D11DA46D2F00B9176E /* ViewController.swift in Sources */ = {isa = PBXBuildFile; fileRef = 86F785D01DA46D2F00B9176E /* ViewController.swift */; };
		86F785D41DA46D2F00B9176E /* Main.storyboard in Resources */ = {isa = PBXBuildFile; fileRef = 86F785D21DA46D2F00B9176E /* Main.storyboard */; };
		86F785D61DA46D2F00B9176E /* Assets.xcassets in Resources */ = {isa = PBXBuildFile; fileRef = 86F785D51DA46D2F00B9176E /* Assets.xcassets */; };
		86F785D91DA46D2F00B9176E /* LaunchScreen.storyboard in Resources */ = {isa = PBXBuildFile; fileRef = 86F785D71DA46D2F00B9176E /* LaunchScreen.storyboard */; };
		86F785E41DA46D2F00B9176E /* Assignment2Tests.swift in Sources */ = {isa = PBXBuildFile; fileRef = 86F785E31DA46D2F00B9176E /* Assignment2Tests.swift */; };
		86F785EF1DA46D2F00B9176E /* Assignment2UITests.swift in Sources */ = {isa = PBXBuildFile; fileRef = 86F785EE1DA46D2F00B9176E /* Assignment2UITests.swift */; };
/* End PBXBuildFile section */

/* Begin PBXContainerItemProxy section */
		86F785E01DA46D2F00B9176E /* PBXContainerItemProxy */ = {
			isa = PBXContainerItemProxy;
			containerPortal = 86F785C31DA46D2F00B9176E /* Project object */;
			proxyType = 1;
			remoteGlobalIDString = 86F785CA1DA46D2F00B9176E;
			remoteInfo = Assignment2;
		};
		86F785EB1DA46D2F00B9176E /* PBXContainerItemProxy */ = {
			isa = PBXContainerItemProxy;
			containerPortal = 86F785C31DA46D2F00B9176E /* Project object */;
			proxyType = 1;
			remoteGlobalIDString = 86F785CA1DA46D2F00B9176E;
			remoteInfo = Assignment2;
		};
/* End PBXContainerItemProxy section */

/* Begin PBXFileReference section */
		86F785CB1DA46D2F00B9176E /* Assignment2.app */ = {isa = PBXFileReference; explicitFileType = wrapper.application; includeInIndex = 0; path = Assignment2.app; sourceTree = BUILT_PRODUCTS_DIR; };
		86F785CE1DA46D2F00B9176E /* AppDelegate.swift */ = {isa = PBXFileReference; lastKnownFileType = sourcecode.swift; path = AppDelegate.swift; sourceTree = "<group>"; };
		86F785D01DA46D2F00B9176E /* ViewController.swift */ = {isa = PBXFileReference; lastKnownFileType = sourcecode.swift; path = ViewController.swift; sourceTree = "<group>"; };
		86F785D31DA46D2F00B9176E /* Base */ = {isa = PBXFileReference; lastKnownFileType = file.storyboard; name = Base; path = Base.lproj/Main.storyboard; sourceTree = "<group>"; };
		86F785D51DA46D2F00B9176E /* Assets.xcassets */ = {isa = PBXFileReference; lastKnownFileType = folder.assetcatalog; path = Assets.xcassets; sourceTree = "<group>"; };
		86F785D81DA46D2F00B9176E /* Base */ = {isa = PBXFileReference; lastKnownFileType = file.storyboard; name = Base; path = Base.lproj/LaunchScreen.storyboard; sourceTree = "<group>"; };
		86F785DA1DA46D2F00B9176E /* Info.plist */ = {isa = PBXFileReference; lastKnownFileType = text.plist.xml; path = Info.plist; sourceTree = "<group>"; };
		86F785DF1DA46D2F00B9176E /* Assignment2Tests.xctest */ = {isa = PBXFileReference; explicitFileType = wrapper.cfbundle; includeInIndex = 0; path = Assignment2Tests.xctest; sourceTree = BUILT_PRODUCTS_DIR; };
		86F785E31DA46D2F00B9176E /* Assignment2Tests.swift */ = {isa = PBXFileReference; lastKnownFileType = sourcecode.swift; path = Assignment2Tests.swift; sourceTree = "<group>"; };
		86F785E51DA46D2F00B9176E /* Info.plist */ = {isa = PBXFileReference; lastKnownFileType = text.plist.xml; path = Info.plist; sourceTree = "<group>"; };
		86F785EA1DA46D2F00B9176E /* Assignment2UITests.xctest */ = {isa = PBXFileReference; explicitFileType = wrapper.cfbundle; includeInIndex = 0; path = Assignment2UITests.xctest; sourceTree = BUILT_PRODUCTS_DIR; };
		86F785EE1DA46D2F00B9176E /* Assignment2UITests.swift */ = {isa = PBXFileReference; lastKnownFileType = sourcecode.swift; path = Assignment2UITests.swift; sourceTree = "<group>"; };
		86F785F01DA46D2F00B9176E /* Info.plist */ = {isa = PBXFileReference; lastKnownFileType = text.plist.xml; path = Info.plist; sourceTree = "<group>"; };
/* End PBXFileReference section */

/* Begin PBXFrameworksBuildPhase section */
		86F785C81DA46D2F00B9176E /* Frameworks */ = {
			isa = PBXFrameworksBuildPhase;
			buildActionMask = 2147483647;
			files = (
			);
			runOnlyForDeploymentPostprocessing = 0;
		};
		86F785DC1DA46D2F00B9176E /* Frameworks */ = {
			isa = PBXFrameworksBuildPhase;
			buildActionMask = 2147483647;
			files = (
			);
			runOnlyForDeploymentPostprocessing = 0;
		};
		86F785E71DA46D2F00B9176E /* Frameworks */ = {
			isa = PBXFrameworksBuildPhase;
			buildActionMask = 2147483647;
			files = (
			);
			runOnlyForDeploymentPostprocessing = 0;
		};
/* End PBXFrameworksBuildPhase section */

/* Begin PBXGroup section */
		86F785C21DA46D2F00B9176E = {
			isa = PBXGroup;
			children = (
				86F785CD1DA46D2F00B9176E /* Assignment2 */,
				86F785E21DA46D2F00B9176E /* Assignment2Tests */,
				86F785ED1DA46D2F00B9176E /* Assignment2UITests */,
				86F785CC1DA46D2F00B9176E /* Products */,
			);
			sourceTree = "<group>";
		};
		86F785CC1DA46D2F00B9176E /* Products */ = {
			isa = PBXGroup;
			children = (
				86F785CB1DA46D2F00B9176E /* Assignment2.app */,
				86F785DF1DA46D2F00B9176E /* Assignment2Tests.xctest */,
				86F785EA1DA46D2F00B9176E /* Assignment2UITests.xctest */,
			);
			name = Products;
			sourceTree = "<group>";
		};
		86F785CD1DA46D2F00B9176E /* Assignment2 */ = {
			isa = PBXGroup;
			children = (
				86F785CE1DA46D2F00B9176E /* AppDelegate.swift */,
				86F785D01DA46D2F00B9176E /* ViewController.swift */,
				86F785D21DA46D2F00B9176E /* Main.storyboard */,
				86F785D51DA46D2F00B9176E /* Assets.xcassets */,
				86F785D71DA46D2F00B9176E /* LaunchScreen.storyboard */,
				86F785DA1DA46D2F00B9176E /* Info.plist */,
			);
			path = Assignment2;
			sourceTree = "<group>";
		};
		86F785E21DA46D2F00B9176E /* Assignment2Tests */ = {
			isa = PBXGroup;
			children = (
				86F785E31DA46D2F00B9176E /* Assignment2Tests.swift */,
				86F785E51DA46D2F00B9176E /* Info.plist */,
			);
			path = Assignment2Tests;
			sourceTree = "<group>";
		};
		86F785ED1DA46D2F00B9176E /* Assignment2UITests */ = {
			isa = PBXGroup;
			children = (
				86F785EE1DA46D2F00B9176E /* Assignment2UITests.swift */,
				86F785F01DA46D2F00B9176E /* Info.plist */,
			);
			path = Assignment2UITests;
			sourceTree = "<group>";
		};
/* End PBXGroup section */

/* Begin PBXNativeTarget section */
		86F785CA1DA46D2F00B9176E /* Assignment2 */ = {
			isa = PBXNativeTarget;
			buildConfigurationList = 86F785F31DA46D2F00B9176E /* Build configuration list for PBXNativeTarget "Assignment2" */;
			buildPhases = (
				86F785C71DA46D2F00B9176E /* Sources */,
				86F785C81DA46D2F00B9176E /* Frameworks */,
				86F785C91DA46D2F00B9176E /* Resources */,
			);
			buildRules = (
			);
			dependencies = (
			);
			name = Assignment2;
			productName = Assignment2;
			productReference = 86F785CB1DA46D2F00B9176E /* Assignment2.app */;
			productType = "com.apple.product-type.application";
		};
		86F785DE1DA46D2F00B9176E /* Assignment2Tests */ = {
			isa = PBXNativeTarget;
			buildConfigurationList = 86F785F61DA46D2F00B9176E /* Build configuration list for PBXNativeTarget "Assignment2Tests" */;
			buildPhases = (
				86F785DB1DA46D2F00B9176E /* Sources */,
				86F785DC1DA46D2F00B9176E /* Frameworks */,
				86F785DD1DA46D2F00B9176E /* Resources */,
			);
			buildRules = (
			);
			dependencies = (
				86F785E11DA46D2F00B9176E /* PBXTargetDependency */,
			);
			name = Assignment2Tests;
			productName = Assignment2Tests;
			productReference = 86F785DF1DA46D2F00B9176E /* Assignment2Tests.xctest */;
			productType = "com.apple.product-type.bundle.unit-test";
		};
		86F785E91DA46D2F00B9176E /* Assignment2UITests */ = {
			isa = PBXNativeTarget;
			buildConfigurationList = 86F785F91DA46D2F00B9176E /* Build configuration list for PBXNativeTarget "Assignment2UITests" */;
			buildPhases = (
				86F785E61DA46D2F00B9176E /* Sources */,
				86F785E71DA46D2F00B9176E /* Frameworks */,
				86F785E81DA46D2F00B9176E /* Resources */,
			);
			buildRules = (
			);
			dependencies = (
				86F785EC1DA46D2F00B9176E /* PBXTargetDependency */,
			);
			name = Assignment2UITests;
			productName = Assignment2UITests;
			productReference = 86F785EA1DA46D2F00B9176E /* Assignment2UITests.xctest */;
			productType = "com.apple.product-type.bundle.ui-testing";
		};
/* End PBXNativeTarget section */

/* Begin PBXProject section */
		86F785C31DA46D2F00B9176E /* Project object */ = {
			isa = PBXProject;
			attributes = {
				LastSwiftUpdateCheck = 0730;
				LastUpgradeCheck = 0730;
				ORGANIZATIONNAME = "Darshan Patil";
				TargetAttributes = {
					86F785CA1DA46D2F00B9176E = {
						CreatedOnToolsVersion = 7.3.1;
					};
					86F785DE1DA46D2F00B9176E = {
						CreatedOnToolsVersion = 7.3.1;
						TestTargetID = 86F785CA1DA46D2F00B9176E;
					};
					86F785E91DA46D2F00B9176E = {
						CreatedOnToolsVersion = 7.3.1;
						TestTargetID = 86F785CA1DA46D2F00B9176E;
					};
				};
			};
			buildConfigurationList = 86F785C61DA46D2F00B9176E /* Build configuration list for PBXProject "Assignment2" */;
			compatibilityVersion = "Xcode 3.2";
			developmentRegion = English;
			hasScannedForEncodings = 0;
			knownRegions = (
				en,
				Base,
			);
			mainGroup = 86F785C21DA46D2F00B9176E;
			productRefGroup = 86F785CC1DA46D2F00B9176E /* Products */;
			projectDirPath = "";
			projectRoot = "";
			targets = (
				86F785CA1DA46D2F00B9176E /* Assignment2 */,
				86F785DE1DA46D2F00B9176E /* Assignment2Tests */,
				86F785E91DA46D2F00B9176E /* Assignment2UITests */,
			);
		};
/* End PBXProject section */

/* Begin PBXResourcesBuildPhase section */
		86F785C91DA46D2F00B9176E /* Resources */ = {
			isa = PBXResourcesBuildPhase;
			buildActionMask = 2147483647;
			files = (
				86F785D91DA46D2F00B9176E /* LaunchScreen.storyboard in Resources */,
				86F785D61DA46D2F00B9176E /* Assets.xcassets in Resources */,
				86F785D41DA46D2F00B9176E /* Main.storyboard in Resources */,
			);
			runOnlyForDeploymentPostprocessing = 0;
		};
		86F785DD1DA46D2F00B9176E /* Resources */ = {
			isa = PBXResourcesBuildPhase;
			buildActionMask = 2147483647;
			files = (
			);
			runOnlyForDeploymentPostprocessing = 0;
		};
		86F785E81DA46D2F00B9176E /* Resources */ = {
			isa = PBXResourcesBuildPhase;
			buildActionMask = 2147483647;
			files = (
			);
			runOnlyForDeploymentPostprocessing = 0;
		};
/* End PBXResourcesBuildPhase section */

/* Begin PBXSourcesBuildPhase section */
		86F785C71DA46D2F00B9176E /* Sources */ = {
			isa = PBXSourcesBuildPhase;
			buildActionMask = 2147483647;
			files = (
				86F785D11DA46D2F00B9176E /* ViewController.swift in Sources */,
				86F785CF1DA46D2F00B9176E /* AppDelegate.swift in Sources */,
			);
			runOnlyForDeploymentPostprocessing = 0;
		};
		86F785DB1DA46D2F00B9176E /* Sources */ = {
			isa = PBXSourcesBuildPhase;
			buildActionMask = 2147483647;
			files = (
				86F785E41DA46D2F00B9176E /* Assignment2Tests.swift in Sources */,
			);
			runOnlyForDeploymentPostprocessing = 0;
		};
		86F785E61DA46D2F00B9176E /* Sources */ = {
			isa = PBXSourcesBuildPhase;
			buildActionMask = 2147483647;
			files = (
				86F785EF1DA46D2F00B9176E /* Assignment2UITests.swift in Sources */,
			);
			runOnlyForDeploymentPostprocessing = 0;
		};
/* End PBXSourcesBuildPhase section */

/* Begin PBXTargetDependency section */
		86F785E11DA46D2F00B9176E /* PBXTargetDependency */ = {
			isa = PBXTargetDependency;
			target = 86F785CA1DA46D2F00B9176E /* Assignment2 */;
			targetProxy = 86F785E01DA46D2F00B9176E /* PBXContainerItemProxy */;
		};
		86F785EC1DA46D2F00B9176E /* PBXTargetDependency */ = {
			isa = PBXTargetDependency;
			target = 86F785CA1DA46D2F00B9176E /* Assignment2 */;
			targetProxy = 86F785EB1DA46D2F00B9176E /* PBXContainerItemProxy */;
		};
/* End PBXTargetDependency section */

/* Begin PBXVariantGroup section */
		86F785D21DA46D2F00B9176E /* Main.storyboard */ = {
			isa = PBXVariantGroup;
			children = (
				86F785D31DA46D2F00B9176E /* Base */,
			);
			name = Main.storyboard;
			sourceTree = "<group>";
		};
		86F785D71DA46D2F00B9176E /* LaunchScreen.storyboard */ = {
			isa = PBXVariantGroup;
			children = (
				86F785D81DA46D2F00B9176E /* Base */,
			);
			name = LaunchScreen.storyboard;
			sourceTree = "<group>";
		};
/* End PBXVariantGroup section */

/* Begin XCBuildConfiguration section */
		86F785F11DA46D2F00B9176E /* Debug */ = {
			isa = XCBuildConfiguration;
			buildSettings = {
				ALWAYS_SEARCH_USER_PATHS = NO;
				CLANG_ANALYZER_NONNULL = YES;
				CLANG_CXX_LANGUAGE_STANDARD = "gnu++0x";
				CLANG_CXX_LIBRARY = "libc++";
				CLANG_ENABLE_MODULES = YES;
				CLANG_ENABLE_OBJC_ARC = YES;
				CLANG_WARN_BOOL_CONVERSION = YES;
				CLANG_WARN_CONSTANT_CONVERSION = YES;
				CLANG_WARN_DIRECT_OBJC_ISA_USAGE = YES_ERROR;
				CLANG_WARN_EMPTY_BODY = YES;
				CLANG_WARN_ENUM_CONVERSION = YES;
				CLANG_WARN_INT_CONVERSION = YES;
				CLANG_WARN_OBJC_ROOT_CLASS = YES_ERROR;
				CLANG_WARN_UNREACHABLE_CODE = YES;
				CLANG_WARN__DUPLICATE_METHOD_MATCH = YES;
				"CODE_SIGN_IDENTITY[sdk=iphoneos*]" = "iPhone Developer";
				COPY_PHASE_STRIP = NO;
				DEBUG_INFORMATION_FORMAT = dwarf;
				ENABLE_STRICT_OBJC_MSGSEND = YES;
				ENABLE_TESTABILITY = YES;
				GCC_C_LANGUAGE_STANDARD = gnu99;
				GCC_DYNAMIC_NO_PIC = NO;
				GCC_NO_COMMON_BLOCKS = YES;
				GCC_OPTIMIZATION_LEVEL = 0;
				GCC_PREPROCESSOR_DEFINITIONS = (
					"DEBUG=1",
					"$(inherited)",
				);
				GCC_WARN_64_TO_32_BIT_CONVERSION = YES;
				GCC_WARN_ABOUT_RETURN_TYPE = YES_ERROR;
				GCC_WARN_UNDECLARED_SELECTOR = YES;
				GCC_WARN_UNINITIALIZED_AUTOS = YES_AGGRESSIVE;
				GCC_WARN_UNUSED_FUNCTION = YES;
				GCC_WARN_UNUSED_VARIABLE = YES;
				IPHONEOS_DEPLOYMENT_TARGET = 9.3;
				MTL_ENABLE_DEBUG_INFO = YES;
				ONLY_ACTIVE_ARCH = YES;
				SDKROOT = iphoneos;
				SWIFT_OPTIMIZATION_LEVEL = "-Onone";
			};
			name = Debug;
		};
		86F785F21DA46D2F00B9176E /* Release */ = {
			isa = XCBuildConfiguration;
			buildSettings = {
				ALWAYS_SEARCH_USER_PATHS = NO;
				CLANG_ANALYZER_NONNULL = YES;
				CLANG_CXX_LANGUAGE_STANDARD = "gnu++0x";
				CLANG_CXX_LIBRARY = "libc++";
				CLANG_ENABLE_MODULES = YES;
				CLANG_ENABLE_OBJC_ARC = YES;
				CLANG_WARN_BOOL_CONVERSION = YES;
				CLANG_WARN_CONSTANT_CONVERSION = YES;
				CLANG_WARN_DIRECT_OBJC_ISA_USAGE = YES_ERROR;
				CLANG_WARN_EMPTY_BODY = YES;
				CLANG_WARN_ENUM_CONVERSION = YES;
				CLANG_WARN_INT_CONVERSION = YES;
				CLANG_WARN_OBJC_ROOT_CLASS = YES_ERROR;
				CLANG_WARN_UNREACHABLE_CODE = YES;
				CLANG_WARN__DUPLICATE_METHOD_MATCH = YES;
				"CODE_SIGN_IDENTITY[sdk=iphoneos*]" = "iPhone Developer";
				COPY_PHASE_STRIP = NO;
				DEBUG_INFORMATION_FORMAT = "dwarf-with-dsym";
				ENABLE_NS_ASSERTIONS = NO;
				ENABLE_STRICT_OBJC_MSGSEND = YES;
				GCC_C_LANGUAGE_STANDARD = gnu99;
				GCC_NO_COMMON_BLOCKS = YES;
				GCC_WARN_64_TO_32_BIT_CONVERSION = YES;
				GCC_WARN_ABOUT_RETURN_TYPE = YES_ERROR;
				GCC_WARN_UNDECLARED_SELECTOR = YES;
				GCC_WARN_UNINITIALIZED_AUTOS = YES_AGGRESSIVE;
				GCC_WARN_UNUSED_FUNCTION = YES;
				GCC_WARN_UNUSED_VARIABLE = YES;
				IPHONEOS_DEPLOYMENT_TARGET = 9.3;
				MTL_ENABLE_DEBUG_INFO = NO;
				SDKROOT = iphoneos;
				VALIDATE_PRODUCT = YES;
			};
			name = Release;
		};
		86F785F41DA46D2F00B9176E /* Debug */ = {
			isa = XCBuildConfiguration;
			buildSettings = {
				ASSETCATALOG_COMPILER_APPICON_NAME = AppIcon;
				INFOPLIST_FILE = Assignment2/Info.plist;
				LD_RUNPATH_SEARCH_PATHS = "$(inherited) @executable_path/Frameworks";
				PRODUCT_BUNDLE_IDENTIFIER = com.niu.z1779946.Assignment2;
				PRODUCT_NAME = "$(TARGET_NAME)";
			};
			name = Debug;
		};
		86F785F51DA46D2F00B9176E /* Release */ = {
			isa = XCBuildConfiguration;
			buildSettings = {
				ASSETCATALOG_COMPILER_APPICON_NAME = AppIcon;
				INFOPLIST_FILE = Assignment2/Info.plist;
				LD_RUNPATH_SEARCH_PATHS = "$(inherited) @executable_path/Frameworks";
				PRODUCT_BUNDLE_IDENTIFIER = com.niu.z1779946.Assignment2;
				PRODUCT_NAME = "$(TARGET_NAME)";
			};
			name = Release;
		};
		86F785F71DA46D2F00B9176E /* Debug */ = {
			isa = XCBuildConfiguration;
			buildSettings = {
				BUNDLE_LOADER = "$(TEST_HOST)";
				INFOPLIST_FILE = Assignment2Tests/Info.plist;
				LD_RUNPATH_SEARCH_PATHS = "$(inherited) @executable_path/Frameworks @loader_path/Frameworks";
				PRODUCT_BUNDLE_IDENTIFIER = com.niu.z1779946.Assignment2Tests;
				PRODUCT_NAME = "$(TARGET_NAME)";
				TEST_HOST = "$(BUILT_PRODUCTS_DIR)/Assignment2.app/Assignment2";
			};
			name = Debug;
		};
		86F785F81DA46D2F00B9176E /* Release */ = {
			isa = XCBuildConfiguration;
			buildSettings = {
				BUNDLE_LOADER = "$(TEST_HOST)";
				INFOPLIST_FILE = Assignment2Tests/Info.plist;
				LD_RUNPATH_SEARCH_PATHS = "$(inherited) @executable_path/Frameworks @loader_path/Frameworks";
				PRODUCT_BUNDLE_IDENTIFIER = com.niu.z1779946.Assignment2Tests;
				PRODUCT_NAME = "$(TARGET_NAME)";
				TEST_HOST = "$(BUILT_PRODUCTS_DIR)/Assignment2.app/Assignment2";
			};
			name = Release;
		};
		86F785FA1DA46D2F00B9176E /* Debug */ = {
			isa = XCBuildConfiguration;
			buildSettings = {
				INFOPLIST_FILE = Assignment2UITests/Info.plist;
				LD_RUNPATH_SEARCH_PATHS = "$(inherited) @executable_path/Frameworks @loader_path/Frameworks";
				PRODUCT_BUNDLE_IDENTIFIER = com.niu.z1779946.Assignment2UITests;
				PRODUCT_NAME = "$(TARGET_NAME)";
				TEST_TARGET_NAME = Assignment2;
			};
			name = Debug;
		};
		86F785FB1DA46D2F00B9176E /* Release */ = {
			isa = XCBuildConfiguration;
			buildSettings = {
				INFOPLIST_FILE = Assignment2UITests/Info.plist;
				LD_RUNPATH_SEARCH_PATHS = "$(inherited) @executable_path/Frameworks @loader_path/Frameworks";
				PRODUCT_BUNDLE_IDENTIFIER = com.niu.z1779946.Assignment2UITests;
				PRODUCT_NAME = "$(TARGET_NAME)";
				TEST_TARGET_NAME = Assignment2;
			};
			name = Release;
		};
/* End XCBuildConfiguration section */

/* Begin XCConfigurationList section */
		86F785C61DA46D2F00B9176E /* Build configuration list for PBXProject "Assignment2" */ = {
			isa = XCConfigurationList;
			buildConfigurations = (
				86F785F11DA46D2F00B9176E /* Debug */,
				86F785F21DA46D2F00B9176E /* Release */,
			);
			defaultConfigurationIsVisible = 0;
			defaultConfigurationName = Release;
		};
		86F785F31DA46D2F00B9176E /* Build configuration list for PBXNativeTarget "Assignment2" */ = {
			isa = XCConfigurationList;
			buildConfigurations = (
				86F785F41DA46D2F00B9176E /* Debug */,
				86F785F51DA46D2F00B9176E /* Release */,
			);
			defaultConfigurationIsVisible = 0;
			defaultConfigurationName = Release;
		};
		86F785F61DA46D2F00B9176E /* Build configuration list for PBXNativeTarget "Assignment2Tests" */ = {
			isa = XCConfigurationList;
			buildConfigurations = (
				86F785F71DA46D2F00B9176E /* Debug */,
				86F785F81DA46D2F00B9176E /* Release */,
			);
			defaultConfigurationIsVisible = 0;
			defaultConfigurationName = Release;
		};
		86F785F91DA46D2F00B9176E /* Build configuration list for PBXNativeTarget "Assignment2UITests" */ = {
			isa = XCConfigurationList;
			buildConfigurations = (
				86F785FA1DA46D2F00B9176E /* Debug */,
				86F785FB1DA46D2F00B9176E /* Release */,
			);
			defaultConfigurationIsVisible = 0;
			defaultConfigurationName = Release;
		};
/* End XCConfigurationList section */
	};
	rootObject = 86F785C31DA46D2F00B9176E /* Project object */;
}
